
Microsoft Visual Studio Solution File, Format Version 12.00
# Visual Studio Version 16
VisualStudioVersion = 17.0.31611.283
MinimumVisualStudioVersion = 10.0.40219.1
Project("{FAE04EC0-301F-11D3-BF4B-00C04F79EFBC}") = "ConnectApp.Maui", "ConnectApp.Maui\ConnectApp.Maui.csproj", "{BBD83A6C-5553-403B-889A-C83385ACD08B}"
EndProject
Project("{FAE04EC0-301F-11D3-BF4B-00C04F79EFBC}") = "MVP.Api.Tests", "MVP.Api.Tests\MVP.Api.Tests.csproj", "{22C10BDC-3B25-435F-8C47-AB91E18775C8}"
EndProject
Global
	GlobalSection(SolutionConfigurationPlatforms) = preSolution
		Debug|Any CPU = Debug|Any CPU
		Release|Any CPU = Release|Any CPU
	EndGlobalSection
	GlobalSection(ProjectConfigurationPlatforms) = postSolution
		{BBD83A6C-5553-403B-889A-C83385ACD08B}.Debug|Any CPU.ActiveCfg = Debug|Any CPU
		{BBD83A6C-5553-403B-889A-C83385ACD08B}.Debug|Any CPU.Build.0 = Debug|Any CPU
		{BBD83A6C-5553-403B-889A-C83385ACD08B}.Release|Any CPU.ActiveCfg = Release|Any CPU
		{BBD83A6C-5553-403B-889A-C83385ACD08B}.Release|Any CPU.Build.0 = Release|Any CPU
		{22C10BDC-3B25-435F-8C47-AB91E18775C8}.Debug|Any CPU.ActiveCfg = Debug|Any CPU
		{22C10BDC-3B25-435F-8C47-AB91E18775C8}.Debug|Any CPU.Build.0 = Debug|Any CPU
		{22C10BDC-3B25-435F-8C47-AB91E18775C8}.Release|Any CPU.ActiveCfg = Release|Any CPU
		{22C10BDC-3B25-435F-8C47-AB91E18775C8}.Release|Any CPU.Build.0 = Release|Any CPU
	EndGlobalSection
	GlobalSection(SolutionProperties) = preSolution
		HideSolutionNode = FALSE
	EndGlobalSection
	GlobalSection(ExtensibilityGlobals) = postSolution
		SolutionGuid = {61F7FB11-1E47-470C-91E2-47F8143E1572}
	EndGlobalSection
EndGlobal
