
Microsoft Visual Studio Solution File, Format Version 12.00
# Visual Studio 15
Project("{FAE04EC0-301F-11D3-BF4B-00C04F79EFBC}") = "ConnectApp.Android", "ConnectApp.Android\ConnectApp.Android.csproj", "{C003E19E-7A0C-4491-957B-178DDE761389}"
EndProject
Project("{FAE04EC0-301F-11D3-BF4B-00C04F79EFBC}") = "ConnectApp.iOS", "ConnectApp.iOS\ConnectApp.iOS.csproj", "{5E59978B-1C59-462A-BD6E-45576E8FF1BA}"
EndProject
Project("{FAE04EC0-301F-11D3-BF4B-00C04F79EFBC}") = "ConnectApp", "ConnectApp\ConnectApp.csproj", "{7E58FF1E-4DE4-4063-9B66-43859D57EB06}"
EndProject
Project("{2150E333-8FDC-42A3-9474-1A3956D46DE8}") = "Solution Items", "Solution Items", "{479C120D-7A9E-47C1-98CD-28BAB0A68F64}"
	ProjectSection(SolutionItems) = preProject
		README.md = README.md
		documentation\infrastructure.md = documentation\infrastructure.md
		documentation\tools.md = documentation\tools.md
		documentation\security.md = documentation\security.md
		documentation\known-issues.md = documentation\known-issues.md
		documentation\icons.md = documentation\icons.md
		documentation\push-content.md = documentation\push-content.md
		documentation\push-configuration.md = documentation\push-configuration.md
		documentation\api.md = documentation\api.md
		documentation\debugging.md = documentation\debugging.md
		documentation\unit-tests.md = documentation\unit-tests.md
	EndProjectSection
EndProject
Project("{FAE04EC0-301F-11D3-BF4B-00C04F79EFBC}") = "ConnectApp.AppTests", "ConnectApp.AppTests\ConnectApp.AppTests.csproj", "{E9E22048-1D59-4585-9126-CE87715BC2F6}"
EndProject
Global
	GlobalSection(SolutionConfigurationPlatforms) = preSolution
		Debug|Any CPU = Debug|Any CPU
		Release|Any CPU = Release|Any CPU
		Debug|iPhoneSimulator = Debug|iPhoneSimulator
		Release|iPhoneSimulator = Release|iPhoneSimulator
		Debug|iPhone = Debug|iPhone
		Release|iPhone = Release|iPhone
		Debug-TestPortal|Any CPU = Debug-TestPortal|Any CPU
		Release-TestPortal|Any CPU = Release-TestPortal|Any CPU
		Debug-TestPortal|iPhoneSimulator = Debug-TestPortal|iPhoneSimulator
		Release-TestPortal|iPhoneSimulator = Release-TestPortal|iPhoneSimulator
		Debug-TestPortal|iPhone = Debug-TestPortal|iPhone
		Release-TestPortal|iPhone = Release-TestPortal|iPhone
		Debug-LivePortal|Any CPU = Debug-LivePortal|Any CPU
		Debug-LivePortal|iPhone = Debug-LivePortal|iPhone
		Debug-LivePortal|iPhoneSimulator = Debug-LivePortal|iPhoneSimulator
		Release-LivePortal|Any CPU = Release-LivePortal|Any CPU
		Release-LivePortal|iPhone = Release-LivePortal|iPhone
		Release-LivePortal|iPhoneSimulator = Release-LivePortal|iPhoneSimulator
	EndGlobalSection
	GlobalSection(ProjectConfigurationPlatforms) = postSolution
		{C003E19E-7A0C-4491-957B-178DDE761389}.Debug-TestPortal|Any CPU.ActiveCfg = Debug-TestPortal|Any CPU
		{C003E19E-7A0C-4491-957B-178DDE761389}.Debug-TestPortal|Any CPU.Build.0 = Debug-TestPortal|Any CPU
		{C003E19E-7A0C-4491-957B-178DDE761389}.Release-TestPortal|Any CPU.ActiveCfg = Release-TestPortal|Any CPU
		{C003E19E-7A0C-4491-957B-178DDE761389}.Release-TestPortal|Any CPU.Build.0 = Release-TestPortal|Any CPU
		{C003E19E-7A0C-4491-957B-178DDE761389}.Debug-TestPortal|iPhoneSimulator.ActiveCfg = Debug-TestPortal|Any CPU
		{C003E19E-7A0C-4491-957B-178DDE761389}.Debug-TestPortal|iPhoneSimulator.Build.0 = Debug-TestPortal|Any CPU
		{C003E19E-7A0C-4491-957B-178DDE761389}.Release-TestPortal|iPhoneSimulator.ActiveCfg = Release-TestPortal|Any CPU
		{C003E19E-7A0C-4491-957B-178DDE761389}.Release-TestPortal|iPhoneSimulator.Build.0 = Release-TestPortal|Any CPU
		{C003E19E-7A0C-4491-957B-178DDE761389}.Debug-TestPortal|iPhone.ActiveCfg = Debug-TestPortal|Any CPU
		{C003E19E-7A0C-4491-957B-178DDE761389}.Debug-TestPortal|iPhone.Build.0 = Debug-TestPortal|Any CPU
		{C003E19E-7A0C-4491-957B-178DDE761389}.Release-TestPortal|iPhone.ActiveCfg = Release-TestPortal|Any CPU
		{C003E19E-7A0C-4491-957B-178DDE761389}.Release-TestPortal|iPhone.Build.0 = Release-TestPortal|Any CPU
		{C003E19E-7A0C-4491-957B-178DDE761389}.Debug-LivePortal|Any CPU.ActiveCfg = Debug-LivePortal|Any CPU
		{C003E19E-7A0C-4491-957B-178DDE761389}.Debug-LivePortal|Any CPU.Build.0 = Debug-LivePortal|Any CPU
		{C003E19E-7A0C-4491-957B-178DDE761389}.Debug-LivePortal|iPhone.ActiveCfg = Debug-LivePortal|Any CPU
		{C003E19E-7A0C-4491-957B-178DDE761389}.Debug-LivePortal|iPhone.Build.0 = Debug-LivePortal|Any CPU
		{C003E19E-7A0C-4491-957B-178DDE761389}.Debug-LivePortal|iPhoneSimulator.ActiveCfg = Debug-LivePortal|Any CPU
		{C003E19E-7A0C-4491-957B-178DDE761389}.Debug-LivePortal|iPhoneSimulator.Build.0 = Debug-LivePortal|Any CPU
		{C003E19E-7A0C-4491-957B-178DDE761389}.Release-LivePortal|Any CPU.ActiveCfg = Release-LivePortal|Any CPU
		{C003E19E-7A0C-4491-957B-178DDE761389}.Release-LivePortal|Any CPU.Build.0 = Release-LivePortal|Any CPU
		{C003E19E-7A0C-4491-957B-178DDE761389}.Release-LivePortal|iPhone.ActiveCfg = Release-LivePortal|Any CPU
		{C003E19E-7A0C-4491-957B-178DDE761389}.Release-LivePortal|iPhone.Build.0 = Release-LivePortal|Any CPU
		{C003E19E-7A0C-4491-957B-178DDE761389}.Release-LivePortal|iPhoneSimulator.ActiveCfg = Release-LivePortal|Any CPU
		{C003E19E-7A0C-4491-957B-178DDE761389}.Release-LivePortal|iPhoneSimulator.Build.0 = Release-LivePortal|Any CPU
		{5E59978B-1C59-462A-BD6E-45576E8FF1BA}.Debug-TestPortal|Any CPU.ActiveCfg = Debug-TestPortal|iPhoneSimulator
		{5E59978B-1C59-462A-BD6E-45576E8FF1BA}.Debug-TestPortal|Any CPU.Build.0 = Debug-TestPortal|iPhoneSimulator
		{5E59978B-1C59-462A-BD6E-45576E8FF1BA}.Release-TestPortal|Any CPU.ActiveCfg = Release-TestPortal|iPhoneSimulator
		{5E59978B-1C59-462A-BD6E-45576E8FF1BA}.Release-TestPortal|Any CPU.Build.0 = Release-TestPortal|iPhoneSimulator
		{5E59978B-1C59-462A-BD6E-45576E8FF1BA}.Debug-TestPortal|iPhoneSimulator.ActiveCfg = Debug-TestPortal|iPhoneSimulator
		{5E59978B-1C59-462A-BD6E-45576E8FF1BA}.Debug-TestPortal|iPhoneSimulator.Build.0 = Debug-TestPortal|iPhoneSimulator
		{5E59978B-1C59-462A-BD6E-45576E8FF1BA}.Release-TestPortal|iPhoneSimulator.ActiveCfg = Release-TestPortal|iPhoneSimulator
		{5E59978B-1C59-462A-BD6E-45576E8FF1BA}.Release-TestPortal|iPhoneSimulator.Build.0 = Release-TestPortal|iPhoneSimulator
		{5E59978B-1C59-462A-BD6E-45576E8FF1BA}.Debug-TestPortal|iPhone.ActiveCfg = Debug-TestPortal|iPhone
		{5E59978B-1C59-462A-BD6E-45576E8FF1BA}.Debug-TestPortal|iPhone.Build.0 = Debug-TestPortal|iPhone
		{5E59978B-1C59-462A-BD6E-45576E8FF1BA}.Release-TestPortal|iPhone.ActiveCfg = Release-TestPortal|iPhone
		{5E59978B-1C59-462A-BD6E-45576E8FF1BA}.Release-TestPortal|iPhone.Build.0 = Release-TestPortal|iPhone
		{5E59978B-1C59-462A-BD6E-45576E8FF1BA}.Debug-LivePortal|Any CPU.ActiveCfg = Debug-LivePortal|iPhoneSimulator
		{5E59978B-1C59-462A-BD6E-45576E8FF1BA}.Debug-LivePortal|Any CPU.Build.0 = Debug-LivePortal|iPhoneSimulator
		{5E59978B-1C59-462A-BD6E-45576E8FF1BA}.Debug-LivePortal|iPhone.ActiveCfg = Debug-LivePortal|iPhone
		{5E59978B-1C59-462A-BD6E-45576E8FF1BA}.Debug-LivePortal|iPhone.Build.0 = Debug-LivePortal|iPhone
		{5E59978B-1C59-462A-BD6E-45576E8FF1BA}.Debug-LivePortal|iPhoneSimulator.ActiveCfg = Debug-LivePortal|iPhoneSimulator
		{5E59978B-1C59-462A-BD6E-45576E8FF1BA}.Debug-LivePortal|iPhoneSimulator.Build.0 = Debug-LivePortal|iPhoneSimulator
		{5E59978B-1C59-462A-BD6E-45576E8FF1BA}.Release-LivePortal|Any CPU.ActiveCfg = Release-LivePortal|iPhoneSimulator
		{5E59978B-1C59-462A-BD6E-45576E8FF1BA}.Release-LivePortal|Any CPU.Build.0 = Release-LivePortal|iPhoneSimulator
		{5E59978B-1C59-462A-BD6E-45576E8FF1BA}.Release-LivePortal|iPhone.ActiveCfg = Release-LivePortal|iPhone
		{5E59978B-1C59-462A-BD6E-45576E8FF1BA}.Release-LivePortal|iPhone.Build.0 = Release-LivePortal|iPhone
		{5E59978B-1C59-462A-BD6E-45576E8FF1BA}.Release-LivePortal|iPhoneSimulator.ActiveCfg = Release-LivePortal|iPhoneSimulator
		{5E59978B-1C59-462A-BD6E-45576E8FF1BA}.Release-LivePortal|iPhoneSimulator.Build.0 = Release-LivePortal|iPhoneSimulator
		{7E58FF1E-4DE4-4063-9B66-43859D57EB06}.Debug-TestPortal|Any CPU.ActiveCfg = Debug-TestPortal|Any CPU
		{7E58FF1E-4DE4-4063-9B66-43859D57EB06}.Debug-TestPortal|Any CPU.Build.0 = Debug-TestPortal|Any CPU
		{7E58FF1E-4DE4-4063-9B66-43859D57EB06}.Release-TestPortal|Any CPU.ActiveCfg = Release-TestPortal|Any CPU
		{7E58FF1E-4DE4-4063-9B66-43859D57EB06}.Release-TestPortal|Any CPU.Build.0 = Release-TestPortal|Any CPU
		{7E58FF1E-4DE4-4063-9B66-43859D57EB06}.Debug-TestPortal|iPhoneSimulator.ActiveCfg = Debug-TestPortal|Any CPU
		{7E58FF1E-4DE4-4063-9B66-43859D57EB06}.Debug-TestPortal|iPhoneSimulator.Build.0 = Debug-TestPortal|Any CPU
		{7E58FF1E-4DE4-4063-9B66-43859D57EB06}.Release-TestPortal|iPhoneSimulator.ActiveCfg = Release-TestPortal|Any CPU
		{7E58FF1E-4DE4-4063-9B66-43859D57EB06}.Release-TestPortal|iPhoneSimulator.Build.0 = Release-TestPortal|Any CPU
		{7E58FF1E-4DE4-4063-9B66-43859D57EB06}.Debug-TestPortal|iPhone.ActiveCfg = Debug-TestPortal|Any CPU
		{7E58FF1E-4DE4-4063-9B66-43859D57EB06}.Debug-TestPortal|iPhone.Build.0 = Debug-TestPortal|Any CPU
		{7E58FF1E-4DE4-4063-9B66-43859D57EB06}.Release-TestPortal|iPhone.ActiveCfg = Release-TestPortal|Any CPU
		{7E58FF1E-4DE4-4063-9B66-43859D57EB06}.Release-TestPortal|iPhone.Build.0 = Release-TestPortal|Any CPU
		{7E58FF1E-4DE4-4063-9B66-43859D57EB06}.Debug-LivePortal|Any CPU.ActiveCfg = Debug-LivePortal|Any CPU
		{7E58FF1E-4DE4-4063-9B66-43859D57EB06}.Debug-LivePortal|Any CPU.Build.0 = Debug-LivePortal|Any CPU
		{7E58FF1E-4DE4-4063-9B66-43859D57EB06}.Debug-LivePortal|iPhone.ActiveCfg = Debug-LivePortal|Any CPU
		{7E58FF1E-4DE4-4063-9B66-43859D57EB06}.Debug-LivePortal|iPhone.Build.0 = Debug-LivePortal|Any CPU
		{7E58FF1E-4DE4-4063-9B66-43859D57EB06}.Debug-LivePortal|iPhoneSimulator.ActiveCfg = Debug-LivePortal|Any CPU
		{7E58FF1E-4DE4-4063-9B66-43859D57EB06}.Debug-LivePortal|iPhoneSimulator.Build.0 = Debug-LivePortal|Any CPU
		{7E58FF1E-4DE4-4063-9B66-43859D57EB06}.Release-LivePortal|Any CPU.ActiveCfg = Release-LivePortal|Any CPU
		{7E58FF1E-4DE4-4063-9B66-43859D57EB06}.Release-LivePortal|Any CPU.Build.0 = Release-LivePortal|Any CPU
		{7E58FF1E-4DE4-4063-9B66-43859D57EB06}.Release-LivePortal|iPhone.ActiveCfg = Release-LivePortal|Any CPU
		{7E58FF1E-4DE4-4063-9B66-43859D57EB06}.Release-LivePortal|iPhone.Build.0 = Release-LivePortal|Any CPU
		{7E58FF1E-4DE4-4063-9B66-43859D57EB06}.Release-LivePortal|iPhoneSimulator.ActiveCfg = Release-LivePortal|Any CPU
		{7E58FF1E-4DE4-4063-9B66-43859D57EB06}.Release-LivePortal|iPhoneSimulator.Build.0 = Release-LivePortal|Any CPU
		{E9E22048-1D59-4585-9126-CE87715BC2F6}.Debug|Any CPU.ActiveCfg = Debug|Any CPU
		{E9E22048-1D59-4585-9126-CE87715BC2F6}.Debug|Any CPU.Build.0 = Debug|Any CPU
		{E9E22048-1D59-4585-9126-CE87715BC2F6}.Release|Any CPU.ActiveCfg = Release|Any CPU
		{E9E22048-1D59-4585-9126-CE87715BC2F6}.Release|Any CPU.Build.0 = Release|Any CPU
		{E9E22048-1D59-4585-9126-CE87715BC2F6}.Debug|iPhoneSimulator.ActiveCfg = Debug|Any CPU
		{E9E22048-1D59-4585-9126-CE87715BC2F6}.Debug|iPhoneSimulator.Build.0 = Debug|Any CPU
		{E9E22048-1D59-4585-9126-CE87715BC2F6}.Release|iPhoneSimulator.ActiveCfg = Release|Any CPU
		{E9E22048-1D59-4585-9126-CE87715BC2F6}.Release|iPhoneSimulator.Build.0 = Release|Any CPU
		{E9E22048-1D59-4585-9126-CE87715BC2F6}.Debug|iPhone.ActiveCfg = Debug|Any CPU
		{E9E22048-1D59-4585-9126-CE87715BC2F6}.Debug|iPhone.Build.0 = Debug|Any CPU
		{E9E22048-1D59-4585-9126-CE87715BC2F6}.Release|iPhone.ActiveCfg = Release|Any CPU
		{E9E22048-1D59-4585-9126-CE87715BC2F6}.Release|iPhone.Build.0 = Release|Any CPU
		{E9E22048-1D59-4585-9126-CE87715BC2F6}.Debug-TestPortal|Any CPU.ActiveCfg = Debug|Any CPU
		{E9E22048-1D59-4585-9126-CE87715BC2F6}.Debug-TestPortal|Any CPU.Build.0 = Debug|Any CPU
		{E9E22048-1D59-4585-9126-CE87715BC2F6}.Release-TestPortal|Any CPU.ActiveCfg = Release|Any CPU
		{E9E22048-1D59-4585-9126-CE87715BC2F6}.Release-TestPortal|Any CPU.Build.0 = Release|Any CPU
		{E9E22048-1D59-4585-9126-CE87715BC2F6}.Debug-TestPortal|iPhoneSimulator.ActiveCfg = Debug|Any CPU
		{E9E22048-1D59-4585-9126-CE87715BC2F6}.Debug-TestPortal|iPhoneSimulator.Build.0 = Debug|Any CPU
		{E9E22048-1D59-4585-9126-CE87715BC2F6}.Release-TestPortal|iPhoneSimulator.ActiveCfg = Release|Any CPU
		{E9E22048-1D59-4585-9126-CE87715BC2F6}.Release-TestPortal|iPhoneSimulator.Build.0 = Release|Any CPU
		{E9E22048-1D59-4585-9126-CE87715BC2F6}.Debug-TestPortal|iPhone.ActiveCfg = Debug|Any CPU
		{E9E22048-1D59-4585-9126-CE87715BC2F6}.Debug-TestPortal|iPhone.Build.0 = Debug|Any CPU
		{E9E22048-1D59-4585-9126-CE87715BC2F6}.Release-TestPortal|iPhone.ActiveCfg = Release|Any CPU
		{E9E22048-1D59-4585-9126-CE87715BC2F6}.Release-TestPortal|iPhone.Build.0 = Release|Any CPU
		{E9E22048-1D59-4585-9126-CE87715BC2F6}.Debug-LivePortal|Any CPU.ActiveCfg = Debug|Any CPU
		{E9E22048-1D59-4585-9126-CE87715BC2F6}.Debug-LivePortal|Any CPU.Build.0 = Debug|Any CPU
		{E9E22048-1D59-4585-9126-CE87715BC2F6}.Debug-LivePortal|iPhone.ActiveCfg = Debug|Any CPU
		{E9E22048-1D59-4585-9126-CE87715BC2F6}.Debug-LivePortal|iPhone.Build.0 = Debug|Any CPU
		{E9E22048-1D59-4585-9126-CE87715BC2F6}.Debug-LivePortal|iPhoneSimulator.ActiveCfg = Debug|Any CPU
		{E9E22048-1D59-4585-9126-CE87715BC2F6}.Debug-LivePortal|iPhoneSimulator.Build.0 = Debug|Any CPU
		{E9E22048-1D59-4585-9126-CE87715BC2F6}.Release-LivePortal|Any CPU.ActiveCfg = Release|Any CPU
		{E9E22048-1D59-4585-9126-CE87715BC2F6}.Release-LivePortal|Any CPU.Build.0 = Release|Any CPU
		{E9E22048-1D59-4585-9126-CE87715BC2F6}.Release-LivePortal|iPhone.ActiveCfg = Release|Any CPU
		{E9E22048-1D59-4585-9126-CE87715BC2F6}.Release-LivePortal|iPhone.Build.0 = Release|Any CPU
		{E9E22048-1D59-4585-9126-CE87715BC2F6}.Release-LivePortal|iPhoneSimulator.ActiveCfg = Release|Any CPU
		{E9E22048-1D59-4585-9126-CE87715BC2F6}.Release-LivePortal|iPhoneSimulator.Build.0 = Release|Any CPU
	EndGlobalSection
	GlobalSection(NestedProjects) = preSolution
	EndGlobalSection
EndGlobal
